
Microsoft Visual Studio Solution File, Format Version 12.00
# Visual Studio Version 17
VisualStudioVersion = 17.8.34309.116
MinimumVisualStudioVersion = 10.0.40219.1
Project("{2150E333-8FDC-42A3-9474-1A3956D46DE8}") = "Core", "Core", "{39510C33-5542-4121-9A24-A06C09EF31C0}"
EndProject
Project("{2150E333-8FDC-42A3-9474-1A3956D46DE8}") = "Presentation", "Presentation", "{56C63CE9-34A7-4206-A36C-BB24736BD94F}"
EndProject
Project("{2150E333-8FDC-42A3-9474-1A3956D46DE8}") = "Infrastructure", "Infrastructure", "{A4DE3C8C-7442-4D0C-B902-DC9D5B448998}"
EndProject
Project("{FAE04EC0-301F-11D3-BF4B-00C04F79EFBC}") = "Esce.Domain", "Core\Esce.Domain\Esce.Domain.csproj", "{D3F9B0F3-D0C0-4605-BEBF-C2238ABA4A8F}"
EndProject
Project("{FAE04EC0-301F-11D3-BF4B-00C04F79EFBC}") = "Esce.Application", "Core\Esce.Application\Esce.Application.csproj", "{AA51AA86-6C10-46A3-8208-5D38B79F495F}"
EndProject
Project("{FAE04EC0-301F-11D3-BF4B-00C04F79EFBC}") = "Esce.Infrastructure", "Infrastructure\Esce.Infrastructure\Esce.Infrastructure.csproj", "{4821C827-D837-4AF9-9865-82814DC3366D}"
EndProject
Project("{FAE04EC0-301F-11D3-BF4B-00C04F79EFBC}") = "Esce.Persistence", "Infrastructure\Esce.Persistence\Esce.Persistence.csproj", "{AEA5CA54-2129-4A9A-B607-7E37BC55D3CF}"
EndProject
Project("{FAE04EC0-301F-11D3-BF4B-00C04F79EFBC}") = "Esce.Api", "Presentation\Esce.Api\Esce.Api.csproj", "{D6378A82-3A0C-4C63-9F0F-7FA9EA1775B2}"
EndProject
Global
	GlobalSection(SolutionConfigurationPlatforms) = preSolution
		Debug|Any CPU = Debug|Any CPU
		Release|Any CPU = Release|Any CPU
	EndGlobalSection
	GlobalSection(ProjectConfigurationPlatforms) = postSolution
		{D3F9B0F3-D0C0-4605-BEBF-C2238ABA4A8F}.Debug|Any CPU.ActiveCfg = Debug|Any CPU
		{D3F9B0F3-D0C0-4605-BEBF-C2238ABA4A8F}.Debug|Any CPU.Build.0 = Debug|Any CPU
		{D3F9B0F3-D0C0-4605-BEBF-C2238ABA4A8F}.Release|Any CPU.ActiveCfg = Release|Any CPU
		{D3F9B0F3-D0C0-4605-BEBF-C2238ABA4A8F}.Release|Any CPU.Build.0 = Release|Any CPU
		{AA51AA86-6C10-46A3-8208-5D38B79F495F}.Debug|Any CPU.ActiveCfg = Debug|Any CPU
		{AA51AA86-6C10-46A3-8208-5D38B79F495F}.Debug|Any CPU.Build.0 = Debug|Any CPU
		{AA51AA86-6C10-46A3-8208-5D38B79F495F}.Release|Any CPU.ActiveCfg = Release|Any CPU
		{AA51AA86-6C10-46A3-8208-5D38B79F495F}.Release|Any CPU.Build.0 = Release|Any CPU
		{4821C827-D837-4AF9-9865-82814DC3366D}.Debug|Any CPU.ActiveCfg = Debug|Any CPU
		{4821C827-D837-4AF9-9865-82814DC3366D}.Debug|Any CPU.Build.0 = Debug|Any CPU
		{4821C827-D837-4AF9-9865-82814DC3366D}.Release|Any CPU.ActiveCfg = Release|Any CPU
		{4821C827-D837-4AF9-9865-82814DC3366D}.Release|Any CPU.Build.0 = Release|Any CPU
		{AEA5CA54-2129-4A9A-B607-7E37BC55D3CF}.Debug|Any CPU.ActiveCfg = Debug|Any CPU
		{AEA5CA54-2129-4A9A-B607-7E37BC55D3CF}.Debug|Any CPU.Build.0 = Debug|Any CPU
		{AEA5CA54-2129-4A9A-B607-7E37BC55D3CF}.Release|Any CPU.ActiveCfg = Release|Any CPU
		{AEA5CA54-2129-4A9A-B607-7E37BC55D3CF}.Release|Any CPU.Build.0 = Release|Any CPU
		{D6378A82-3A0C-4C63-9F0F-7FA9EA1775B2}.Debug|Any CPU.ActiveCfg = Debug|Any CPU
		{D6378A82-3A0C-4C63-9F0F-7FA9EA1775B2}.Debug|Any CPU.Build.0 = Debug|Any CPU
		{D6378A82-3A0C-4C63-9F0F-7FA9EA1775B2}.Release|Any CPU.ActiveCfg = Release|Any CPU
		{D6378A82-3A0C-4C63-9F0F-7FA9EA1775B2}.Release|Any CPU.Build.0 = Release|Any CPU
	EndGlobalSection
	GlobalSection(SolutionProperties) = preSolution
		HideSolutionNode = FALSE
	EndGlobalSection
	GlobalSection(NestedProjects) = preSolution
		{D3F9B0F3-D0C0-4605-BEBF-C2238ABA4A8F} = {39510C33-5542-4121-9A24-A06C09EF31C0}
		{AA51AA86-6C10-46A3-8208-5D38B79F495F} = {39510C33-5542-4121-9A24-A06C09EF31C0}
		{4821C827-D837-4AF9-9865-82814DC3366D} = {A4DE3C8C-7442-4D0C-B902-DC9D5B448998}
		{AEA5CA54-2129-4A9A-B607-7E37BC55D3CF} = {A4DE3C8C-7442-4D0C-B902-DC9D5B448998}
		{D6378A82-3A0C-4C63-9F0F-7FA9EA1775B2} = {56C63CE9-34A7-4206-A36C-BB24736BD94F}
	EndGlobalSection
	GlobalSection(ExtensibilityGlobals) = postSolution
		SolutionGuid = {217552DA-41D1-42F4-9642-9A946B3F8716}
	EndGlobalSection
EndGlobal
